
Microsoft Visual Studio Solution File, Format Version 12.00
# Visual Studio 15
VisualStudioVersion = 15.0.26430.16
MinimumVisualStudioVersion = 10.0.40219.1
Project("{FAE04EC0-301F-11D3-BF4B-00C04F79EFBC}") = "CryptoStatistic", "CryptoStatistic\CryptoStatistic.csproj", "{3E511462-1C26-49C5-8150-E08B1D6A4062}"
EndProject
Project("{FAE04EC0-301F-11D3-BF4B-00C04F79EFBC}") = "BDEditor", "BDEditor\BDEditor.csproj", "{C88A5324-1341-410E-AB18-2D84129496F5}"
EndProject
Global
	GlobalSection(SolutionConfigurationPlatforms) = preSolution
		Debug|Any CPU = Debug|Any CPU
		Release|Any CPU = Release|Any CPU
	EndGlobalSection
	GlobalSection(ProjectConfigurationPlatforms) = postSolution
		{3E511462-1C26-49C5-8150-E08B1D6A4062}.Debug|Any CPU.ActiveCfg = Debug|Any CPU
		{3E511462-1C26-49C5-8150-E08B1D6A4062}.Debug|Any CPU.Build.0 = Debug|Any CPU
		{3E511462-1C26-49C5-8150-E08B1D6A4062}.Release|Any CPU.ActiveCfg = Release|Any CPU
		{3E511462-1C26-49C5-8150-E08B1D6A4062}.Release|Any CPU.Build.0 = Release|Any CPU
		{C88A5324-1341-410E-AB18-2D84129496F5}.Debug|Any CPU.ActiveCfg = Debug|Any CPU
		{C88A5324-1341-410E-AB18-2D84129496F5}.Debug|Any CPU.Build.0 = Debug|Any CPU
		{C88A5324-1341-410E-AB18-2D84129496F5}.Release|Any CPU.ActiveCfg = Release|Any CPU
		{C88A5324-1341-410E-AB18-2D84129496F5}.Release|Any CPU.Build.0 = Release|Any CPU
	EndGlobalSection
	GlobalSection(SolutionProperties) = preSolution
		HideSolutionNode = FALSE
	EndGlobalSection
EndGlobal
